<?xml version="1.0" encoding="utf-8"?>
<Project ToolsVersion="4.0" xmlns="http://schemas.microsoft.com/developer/msbuild/2003">
  <ItemGroup>
    <Filter Include="源文件">
      <UniqueIdentifier>{4FC737F1-C7A5-4376-A066-2A32D752A2FF}</UniqueIdentifier>
      <Extensions>cpp;c;cc;cxx;def;odl;idl;hpj;bat;asm;asmx</Extensions>
    </Filter>
    <Filter Include="资源文件">
      <UniqueIdentifier>{67DA6AB6-F800-4c08-8B7A-83BB121AAD01}</UniqueIdentifier>
      <Extensions>rc;ico;cur;bmp;dlg;rc2;rct;bin;rgs;gif;jpg;jpeg;jpe;resx;tiff;tif;png;wav;mfcribbon-ms</Extensions>
    </Filter>
    <Filter Include="源文件\头文件">
      <UniqueIdentifier>{93995380-89BD-4b04-88EB-625FBE52EBFB}</UniqueIdentifier>
      <Extensions>h;hpp;hxx;hm;inl;inc;xsd</Extensions>
    </Filter>
  </ItemGroup>
  <ItemGroup>
    <None Include="res\clientDemo.rc2">
      <Filter>资源文件</Filter>
    </None>
    <None Include="res\clientDemo.ico">
      <Filter>资源文件</Filter>
    </None>
    <None Include="resource.hm">
      <Filter>源文件\头文件</Filter>
    </None>
  </ItemGroup>
  <ItemGroup>
    <ClInclude Include="clientDemo.h">
      <Filter>源文件\头文件</Filter>
    </ClInclude>
    <ClInclude Include="clientDemoDlg.h">
      <Filter>源文件\头文件</Filter>
    </ClInclude>
    <ClInclude Include="stdafx.h">
      <Filter>源文件\头文件</Filter>
    </ClInclude>
    <ClInclude Include="targetver.h">
      <Filter>源文件\头文件</Filter>
    </ClInclude>
    <ClInclude Include="Resource.h">
      <Filter>源文件\头文件</Filter>
    </ClInclude>
    <ClInclude Include="PrinterPickerDialog.h">
      <Filter>源文件\头文件</Filter>
    </ClInclude>
    <ClInclude Include="TaskListDialog.h">
      <Filter>源文件\头文件</Filter>
    </ClInclude>
    <ClInclude Include="PrintOptionDialog.h">
      <Filter>源文件\头文件</Filter>
    </ClInclude>
    <ClInclude Include="PrinterMaintenanceDialog.h">
      <Filter>源文件\头文件</Filter>
    </ClInclude>
    <ClInclude Include="DrawCardDialog.h">
      <Filter>源文件\头文件</Filter>
    </ClInclude>
    <ClInclude Include="PrintEEPEntryDlg.h">
      <Filter>源文件\头文件</Filter>
    </ClInclude>
    <ClInclude Include="PrinterInfoPage.h">
      <Filter>源文件\头文件</Filter>
    </ClInclude>
    <ClInclude Include="MaintenanceSheets.h">
      <Filter>源文件\头文件</Filter>
    </ClInclude>
    <ClInclude Include="PrinterOperationPage.h">
      <Filter>源文件\头文件</Filter>
    </ClInclude>
    <ClInclude Include="PasswordAlter.h">
      <Filter>源文件\头文件</Filter>
    </ClInclude>
  </ItemGroup>
  <ItemGroup>
    <ClCompile Include="clientDemo.cpp">
      <Filter>源文件</Filter>
    </ClCompile>
    <ClCompile Include="clientDemoDlg.cpp">
      <Filter>源文件</Filter>
    </ClCompile>
    <ClCompile Include="stdafx.cpp">
      <Filter>源文件</Filter>
    </ClCompile>
    <ClCompile Include="PrinterPickerDialog.cpp">
      <Filter>源文件</Filter>
    </ClCompile>
    <ClCompile Include="TaskListDialog.cpp">
      <Filter>源文件</Filter>
    </ClCompile>
    <ClCompile Include="PrintOptionDialog.cpp">
      <Filter>源文件</Filter>
    </ClCompile>
    <ClCompile Include="PrinterMaintenanceDialog.cpp">
      <Filter>源文件</Filter>
    </ClCompile>
    <ClCompile Include="DrawCardDialog.cpp">
      <Filter>源文件</Filter>
    </ClCompile>
    <ClCompile Include="PrintEEPEntryDlg.cpp">
      <Filter>源文件</Filter>
    </ClCompile>
    <ClCompile Include="PrinterInfoPage.cpp">
      <Filter>源文件</Filter>
    </ClCompile>
    <ClCompile Include="MaintenanceSheets.cpp">
      <Filter>源文件</Filter>
    </ClCompile>
    <ClCompile Include="PrinterOperationPage.cpp">
      <Filter>源文件</Filter>
    </ClCompile>
    <ClCompile Include="PasswordAlter.cpp">
      <Filter>源文件</Filter>
    </ClCompile>
  </ItemGroup>
  <ItemGroup>
    <ResourceCompile Include="clientDemo.rc">
      <Filter>资源文件</Filter>
    </ResourceCompile>
  </ItemGroup>
</Project>