
Microsoft Visual Studio Solution File, Format Version 11.00
# Visual Studio 2010
Project("{FAE04EC0-301F-11D3-BF4B-00C04F79EFBC}") = "D300RWDemo", "D300RWDemo\D300RWDemo.csproj", "{90BE2644-8301-4B3E-A4A0-D21CD478F56F}"
EndProject
Global
	GlobalSection(SolutionConfigurationPlatforms) = preSolution
		Debug|x86 = Debug|x86
		Release|x86 = Release|x86
	EndGlobalSection
	GlobalSection(ProjectConfigurationPlatforms) = postSolution
		{90BE2644-8301-4B3E-A4A0-D21CD478F56F}.Debug|x86.ActiveCfg = Debug|x86
		{90BE2644-8301-4B3E-A4A0-D21CD478F56F}.Debug|x86.Build.0 = Debug|x86
		{90BE2644-8301-4B3E-A4A0-D21CD478F56F}.Release|x86.ActiveCfg = Release|x86
		{90BE2644-8301-4B3E-A4A0-D21CD478F56F}.Release|x86.Build.0 = Release|x86
	EndGlobalSection
	GlobalSection(SolutionProperties) = preSolution
		HideSolutionNode = FALSE
	EndGlobalSection
EndGlobal
